
Microsoft Visual Studio Solution File, Format Version 12.00
# Visual Studio 15
VisualStudioVersion = 15.0.26730.12
MinimumVisualStudioVersion = 10.0.40219.1
Project("{FAE04EC0-301F-11D3-BF4B-00C04F79EFBC}") = "WindowsFormsApp4", "WindowsFormsApp4\WindowsFormsApp4.csproj", "{982EA02D-2CCC-4109-83DD-246D89D41E31}"
EndProject
Global
	GlobalSection(SolutionConfigurationPlatforms) = preSolution
		Debug|Any CPU = Debug|Any CPU
		Release|Any CPU = Release|Any CPU
	EndGlobalSection
	GlobalSection(ProjectConfigurationPlatforms) = postSolution
		{982EA02D-2CCC-4109-83DD-246D89D41E31}.Debug|Any CPU.ActiveCfg = Debug|Any CPU
		{982EA02D-2CCC-4109-83DD-246D89D41E31}.Debug|Any CPU.Build.0 = Debug|Any CPU
		{982EA02D-2CCC-4109-83DD-246D89D41E31}.Release|Any CPU.ActiveCfg = Release|Any CPU
		{982EA02D-2CCC-4109-83DD-246D89D41E31}.Release|Any CPU.Build.0 = Release|Any CPU
	EndGlobalSection
	GlobalSection(SolutionProperties) = preSolution
		HideSolutionNode = FALSE
	EndGlobalSection
	GlobalSection(ExtensibilityGlobals) = postSolution
		SolutionGuid = {234D5CC0-A7E2-433B-A07F-5D33EE8A04D4}
	EndGlobalSection
EndGlobal
